// !$*UTF8*$!
{
	archiveVersion = 1;
	classes = {
	};
	objectVersion = 56;
	objects = {

/* Begin PBXBuildFile section */
		882276832A4A39D100E17C6F /* Currency_ConverterApp.swift in Sources */ = {isa = PBXBuildFile; fileRef = 882276822A4A39D100E17C6F /* Currency_ConverterApp.swift */; };
		882276852A4A39D100E17C6F /* ContentView.swift in Sources */ = {isa = PBXBuildFile; fileRef = 882276842A4A39D100E17C6F /* ContentView.swift */; };
		882276872A4A39D300E17C6F /* Assets.xcassets in Resources */ = {isa = PBXBuildFile; fileRef = 882276862A4A39D300E17C6F /* Assets.xcassets */; };
		8822768A2A4A39D300E17C6F /* Preview Assets.xcassets in Resources */ = {isa = PBXBuildFile; fileRef = 882276892A4A39D300E17C6F /* Preview Assets.xcassets */; };
		882276942A4A39D300E17C6F /* Currency_ConverterTests.swift in Sources */ = {isa = PBXBuildFile; fileRef = 882276932A4A39D300E17C6F /* Currency_ConverterTests.swift */; };
		8822769E2A4A39D300E17C6F /* Currency_ConverterUITests.swift in Sources */ = {isa = PBXBuildFile; fileRef = 8822769D2A4A39D300E17C6F /* Currency_ConverterUITests.swift */; };
		882276A02A4A39D300E17C6F /* Currency_ConverterUITestsLaunchTests.swift in Sources */ = {isa = PBXBuildFile; fileRef = 8822769F2A4A39D300E17C6F /* Currency_ConverterUITestsLaunchTests.swift */; };
		88E576122A4CB0660087A6D5 /* ExchangeInfo.swift in Sources */ = {isa = PBXBuildFile; fileRef = 88E576112A4CB0660087A6D5 /* ExchangeInfo.swift */; };
		88E576142A4CB50C0087A6D5 /* ExchangeRate.swift in Sources */ = {isa = PBXBuildFile; fileRef = 88E576132A4CB50C0087A6D5 /* ExchangeRate.swift */; };
		88E576162A4CB9BD0087A6D5 /* SelectCurrency.swift in Sources */ = {isa = PBXBuildFile; fileRef = 88E576152A4CB9BD0087A6D5 /* SelectCurrency.swift */; };
		88E576182A4CBBB30087A6D5 /* CurrencyIcon.swift in Sources */ = {isa = PBXBuildFile; fileRef = 88E576172A4CBBB30087A6D5 /* CurrencyIcon.swift */; };
		88E5761A2A4CD5C30087A6D5 /* Currency.swift in Sources */ = {isa = PBXBuildFile; fileRef = 88E576192A4CD5C30087A6D5 /* Currency.swift */; };
		88E5761C2A4CE1BC0087A6D5 /* IconGrid.swift in Sources */ = {isa = PBXBuildFile; fileRef = 88E5761B2A4CE1BB0087A6D5 /* IconGrid.swift */; };
/* End PBXBuildFile section */

/* Begin PBXContainerItemProxy section */
		882276902A4A39D300E17C6F /* PBXContainerItemProxy */ = {
			isa = PBXContainerItemProxy;
			containerPortal = 882276772A4A39D100E17C6F /* Project object */;
			proxyType = 1;
			remoteGlobalIDString = 8822767E2A4A39D100E17C6F;
			remoteInfo = "Currency Converter";
		};
		8822769A2A4A39D300E17C6F /* PBXContainerItemProxy */ = {
			isa = PBXContainerItemProxy;
			containerPortal = 882276772A4A39D100E17C6F /* Project object */;
			proxyType = 1;
			remoteGlobalIDString = 8822767E2A4A39D100E17C6F;
			remoteInfo = "Currency Converter";
		};
/* End PBXContainerItemProxy section */

/* Begin PBXFileReference section */
		8822767F2A4A39D100E17C6F /* Currency Converter.app */ = {isa = PBXFileReference; explicitFileType = wrapper.application; includeInIndex = 0; path = "Currency Converter.app"; sourceTree = BUILT_PRODUCTS_DIR; };
		882276822A4A39D100E17C6F /* Currency_ConverterApp.swift */ = {isa = PBXFileReference; lastKnownFileType = sourcecode.swift; path = Currency_ConverterApp.swift; sourceTree = "<group>"; };
		882276842A4A39D100E17C6F /* ContentView.swift */ = {isa = PBXFileReference; lastKnownFileType = sourcecode.swift; path = ContentView.swift; sourceTree = "<group>"; };
		882276862A4A39D300E17C6F /* Assets.xcassets */ = {isa = PBXFileReference; lastKnownFileType = folder.assetcatalog; path = Assets.xcassets; sourceTree = "<group>"; };
		882276892A4A39D300E17C6F /* Preview Assets.xcassets */ = {isa = PBXFileReference; lastKnownFileType = folder.assetcatalog; path = "Preview Assets.xcassets"; sourceTree = "<group>"; };
		8822768F2A4A39D300E17C6F /* Currency ConverterTests.xctest */ = {isa = PBXFileReference; explicitFileType = wrapper.cfbundle; includeInIndex = 0; path = "Currency ConverterTests.xctest"; sourceTree = BUILT_PRODUCTS_DIR; };
		882276932A4A39D300E17C6F /* Currency_ConverterTests.swift */ = {isa = PBXFileReference; lastKnownFileType = sourcecode.swift; path = Currency_ConverterTests.swift; sourceTree = "<group>"; };
		882276992A4A39D300E17C6F /* Currency ConverterUITests.xctest */ = {isa = PBXFileReference; explicitFileType = wrapper.cfbundle; includeInIndex = 0; path = "Currency ConverterUITests.xctest"; sourceTree = BUILT_PRODUCTS_DIR; };
		8822769D2A4A39D300E17C6F /* Currency_ConverterUITests.swift */ = {isa = PBXFileReference; lastKnownFileType = sourcecode.swift; path = Currency_ConverterUITests.swift; sourceTree = "<group>"; };
		8822769F2A4A39D300E17C6F /* Currency_ConverterUITestsLaunchTests.swift */ = {isa = PBXFileReference; lastKnownFileType = sourcecode.swift; path = Currency_ConverterUITestsLaunchTests.swift; sourceTree = "<group>"; };
		88E576112A4CB0660087A6D5 /* ExchangeInfo.swift */ = {isa = PBXFileReference; lastKnownFileType = sourcecode.swift; path = ExchangeInfo.swift; sourceTree = "<group>"; };
		88E576132A4CB50C0087A6D5 /* ExchangeRate.swift */ = {isa = PBXFileReference; lastKnownFileType = sourcecode.swift; path = ExchangeRate.swift; sourceTree = "<group>"; };
		88E576152A4CB9BD0087A6D5 /* SelectCurrency.swift */ = {isa = PBXFileReference; lastKnownFileType = sourcecode.swift; path = SelectCurrency.swift; sourceTree = "<group>"; };
		88E576172A4CBBB30087A6D5 /* CurrencyIcon.swift */ = {isa = PBXFileReference; lastKnownFileType = sourcecode.swift; path = CurrencyIcon.swift; sourceTree = "<group>"; };
		88E576192A4CD5C30087A6D5 /* Currency.swift */ = {isa = PBXFileReference; lastKnownFileType = sourcecode.swift; path = Currency.swift; sourceTree = "<group>"; };
		88E5761B2A4CE1BB0087A6D5 /* IconGrid.swift */ = {isa = PBXFileReference; lastKnownFileType = sourcecode.swift; path = IconGrid.swift; sourceTree = "<group>"; };
/* End PBXFileReference section */

/* Begin PBXFrameworksBuildPhase section */
		8822767C2A4A39D100E17C6F /* Frameworks */ = {
			isa = PBXFrameworksBuildPhase;
			buildActionMask = 2147483647;
			files = (
			);
			runOnlyForDeploymentPostprocessing = 0;
		};
		8822768C2A4A39D300E17C6F /* Frameworks */ = {
			isa = PBXFrameworksBuildPhase;
			buildActionMask = 2147483647;
			files = (
			);
			runOnlyForDeploymentPostprocessing = 0;
		};
		882276962A4A39D300E17C6F /* Frameworks */ = {
			isa = PBXFrameworksBuildPhase;
			buildActionMask = 2147483647;
			files = (
			);
			runOnlyForDeploymentPostprocessing = 0;
		};
/* End PBXFrameworksBuildPhase section */

/* Begin PBXGroup section */
		882276762A4A39D100E17C6F = {
			isa = PBXGroup;
			children = (
				882276812A4A39D100E17C6F /* Currency Converter */,
				882276922A4A39D300E17C6F /* Currency ConverterTests */,
				8822769C2A4A39D300E17C6F /* Currency ConverterUITests */,
				882276802A4A39D100E17C6F /* Products */,
			);
			sourceTree = "<group>";
		};
		882276802A4A39D100E17C6F /* Products */ = {
			isa = PBXGroup;
			children = (
				8822767F2A4A39D100E17C6F /* Currency Converter.app */,
				8822768F2A4A39D300E17C6F /* Currency ConverterTests.xctest */,
				882276992A4A39D300E17C6F /* Currency ConverterUITests.xctest */,
			);
			name = Products;
			sourceTree = "<group>";
		};
		882276812A4A39D100E17C6F /* Currency Converter */ = {
			isa = PBXGroup;
			children = (
				882276822A4A39D100E17C6F /* Currency_ConverterApp.swift */,
				88E576192A4CD5C30087A6D5 /* Currency.swift */,
				882276842A4A39D100E17C6F /* ContentView.swift */,
				88E576112A4CB0660087A6D5 /* ExchangeInfo.swift */,
				88E576152A4CB9BD0087A6D5 /* SelectCurrency.swift */,
				88E5761B2A4CE1BB0087A6D5 /* IconGrid.swift */,
				88E576172A4CBBB30087A6D5 /* CurrencyIcon.swift */,
				88E576132A4CB50C0087A6D5 /* ExchangeRate.swift */,
				882276862A4A39D300E17C6F /* Assets.xcassets */,
				882276882A4A39D300E17C6F /* Preview Content */,
			);
			path = "Currency Converter";
			sourceTree = "<group>";
		};
		882276882A4A39D300E17C6F /* Preview Content */ = {
			isa = PBXGroup;
			children = (
				882276892A4A39D300E17C6F /* Preview Assets.xcassets */,
			);
			path = "Preview Content";
			sourceTree = "<group>";
		};
		882276922A4A39D300E17C6F /* Currency ConverterTests */ = {
			isa = PBXGroup;
			children = (
				882276932A4A39D300E17C6F /* Currency_ConverterTests.swift */,
			);
			path = "Currency ConverterTests";
			sourceTree = "<group>";
		};
		8822769C2A4A39D300E17C6F /* Currency ConverterUITests */ = {
			isa = PBXGroup;
			children = (
				8822769D2A4A39D300E17C6F /* Currency_ConverterUITests.swift */,
				8822769F2A4A39D300E17C6F /* Currency_ConverterUITestsLaunchTests.swift */,
			);
			path = "Currency ConverterUITests";
			sourceTree = "<group>";
		};
/* End PBXGroup section */

/* Begin PBXNativeTarget section */
		8822767E2A4A39D100E17C6F /* Currency Converter */ = {
			isa = PBXNativeTarget;
			buildConfigurationList = 882276A32A4A39D300E17C6F /* Build configuration list for PBXNativeTarget "Currency Converter" */;
			buildPhases = (
				8822767B2A4A39D100E17C6F /* Sources */,
				8822767C2A4A39D100E17C6F /* Frameworks */,
				8822767D2A4A39D100E17C6F /* Resources */,
			);
			buildRules = (
			);
			dependencies = (
			);
			name = "Currency Converter";
			productName = "Currency Converter";
			productReference = 8822767F2A4A39D100E17C6F /* Currency Converter.app */;
			productType = "com.apple.product-type.application";
		};
		8822768E2A4A39D300E17C6F /* Currency ConverterTests */ = {
			isa = PBXNativeTarget;
			buildConfigurationList = 882276A62A4A39D300E17C6F /* Build configuration list for PBXNativeTarget "Currency ConverterTests" */;
			buildPhases = (
				8822768B2A4A39D300E17C6F /* Sources */,
				8822768C2A4A39D300E17C6F /* Frameworks */,
				8822768D2A4A39D300E17C6F /* Resources */,
			);
			buildRules = (
			);
			dependencies = (
				882276912A4A39D300E17C6F /* PBXTargetDependency */,
			);
			name = "Currency ConverterTests";
			productName = "Currency ConverterTests";
			productReference = 8822768F2A4A39D300E17C6F /* Currency ConverterTests.xctest */;
			productType = "com.apple.product-type.bundle.unit-test";
		};
		882276982A4A39D300E17C6F /* Currency ConverterUITests */ = {
			isa = PBXNativeTarget;
			buildConfigurationList = 882276A92A4A39D300E17C6F /* Build configuration list for PBXNativeTarget "Currency ConverterUITests" */;
			buildPhases = (
				882276952A4A39D300E17C6F /* Sources */,
				882276962A4A39D300E17C6F /* Frameworks */,
				882276972A4A39D300E17C6F /* Resources */,
			);
			buildRules = (
			);
			dependencies = (
				8822769B2A4A39D300E17C6F /* PBXTargetDependency */,
			);
			name = "Currency ConverterUITests";
			productName = "Currency ConverterUITests";
			productReference = 882276992A4A39D300E17C6F /* Currency ConverterUITests.xctest */;
			productType = "com.apple.product-type.bundle.ui-testing";
		};
/* End PBXNativeTarget section */

/* Begin PBXProject section */
		882276772A4A39D100E17C6F /* Project object */ = {
			isa = PBXProject;
			attributes = {
				BuildIndependentTargetsInParallel = 1;
				LastSwiftUpdateCheck = 1430;
				LastUpgradeCheck = 1430;
				TargetAttributes = {
					8822767E2A4A39D100E17C6F = {
						CreatedOnToolsVersion = 14.3.1;
					};
					8822768E2A4A39D300E17C6F = {
						CreatedOnToolsVersion = 14.3.1;
						TestTargetID = 8822767E2A4A39D100E17C6F;
					};
					882276982A4A39D300E17C6F = {
						CreatedOnToolsVersion = 14.3.1;
						TestTargetID = 8822767E2A4A39D100E17C6F;
					};
				};
			};
			buildConfigurationList = 8822767A2A4A39D100E17C6F /* Build configuration list for PBXProject "Currency Converter" */;
			compatibilityVersion = "Xcode 14.0";
			developmentRegion = en;
			hasScannedForEncodings = 0;
			knownRegions = (
				en,
				Base,
			);
			mainGroup = 882276762A4A39D100E17C6F;
			productRefGroup = 882276802A4A39D100E17C6F /* Products */;
			projectDirPath = "";
			projectRoot = "";
			targets = (
				8822767E2A4A39D100E17C6F /* Currency Converter */,
				8822768E2A4A39D300E17C6F /* Currency ConverterTests */,
				882276982A4A39D300E17C6F /* Currency ConverterUITests */,
			);
		};
/* End PBXProject section */

/* Begin PBXResourcesBuildPhase section */
		8822767D2A4A39D100E17C6F /* Resources */ = {
			isa = PBXResourcesBuildPhase;
			buildActionMask = 2147483647;
			files = (
				8822768A2A4A39D300E17C6F /* Preview Assets.xcassets in Resources */,
				882276872A4A39D300E17C6F /* Assets.xcassets in Resources */,
			);
			runOnlyForDeploymentPostprocessing = 0;
		};
		8822768D2A4A39D300E17C6F /* Resources */ = {
			isa = PBXResourcesBuildPhase;
			buildActionMask = 2147483647;
			files = (
			);
			runOnlyForDeploymentPostprocessing = 0;
		};
		882276972A4A39D300E17C6F /* Resources */ = {
			isa = PBXResourcesBuildPhase;
			buildActionMask = 2147483647;
			files = (
			);
			runOnlyForDeploymentPostprocessing = 0;
		};
/* End PBXResourcesBuildPhase section */

/* Begin PBXSourcesBuildPhase section */
		8822767B2A4A39D100E17C6F /* Sources */ = {
			isa = PBXSourcesBuildPhase;
			buildActionMask = 2147483647;
			files = (
				88E5761C2A4CE1BC0087A6D5 /* IconGrid.swift in Sources */,
				88E576142A4CB50C0087A6D5 /* ExchangeRate.swift in Sources */,
				88E576162A4CB9BD0087A6D5 /* SelectCurrency.swift in Sources */,
				88E576122A4CB0660087A6D5 /* ExchangeInfo.swift in Sources */,
				882276852A4A39D100E17C6F /* ContentView.swift in Sources */,
				882276832A4A39D100E17C6F /* Currency_ConverterApp.swift in Sources */,
				88E5761A2A4CD5C30087A6D5 /* Currency.swift in Sources */,
				88E576182A4CBBB30087A6D5 /* CurrencyIcon.swift in Sources */,
			);
			runOnlyForDeploymentPostprocessing = 0;
		};
		8822768B2A4A39D300E17C6F /* Sources */ = {
			isa = PBXSourcesBuildPhase;
			buildActionMask = 2147483647;
			files = (
				882276942A4A39D300E17C6F /* Currency_ConverterTests.swift in Sources */,
			);
			runOnlyForDeploymentPostprocessing = 0;
		};
		882276952A4A39D300E17C6F /* Sources */ = {
			isa = PBXSourcesBuildPhase;
			buildActionMask = 2147483647;
			files = (
				882276A02A4A39D300E17C6F /* Currency_ConverterUITestsLaunchTests.swift in Sources */,
				8822769E2A4A39D300E17C6F /* Currency_ConverterUITests.swift in Sources */,
			);
			runOnlyForDeploymentPostprocessing = 0;
		};
/* End PBXSourcesBuildPhase section */

/* Begin PBXTargetDependency section */
		882276912A4A39D300E17C6F /* PBXTargetDependency */ = {
			isa = PBXTargetDependency;
			target = 8822767E2A4A39D100E17C6F /* Currency Converter */;
			targetProxy = 882276902A4A39D300E17C6F /* PBXContainerItemProxy */;
		};
		8822769B2A4A39D300E17C6F /* PBXTargetDependency */ = {
			isa = PBXTargetDependency;
			target = 8822767E2A4A39D100E17C6F /* Currency Converter */;
			targetProxy = 8822769A2A4A39D300E17C6F /* PBXContainerItemProxy */;
		};
/* End PBXTargetDependency section */

/* Begin XCBuildConfiguration section */
		882276A12A4A39D300E17C6F /* Debug */ = {
			isa = XCBuildConfiguration;
			buildSettings = {
				ALWAYS_SEARCH_USER_PATHS = NO;
				CLANG_ANALYZER_NONNULL = YES;
				CLANG_ANALYZER_NUMBER_OBJECT_CONVERSION = YES_AGGRESSIVE;
				CLANG_CXX_LANGUAGE_STANDARD = "gnu++20";
				CLANG_ENABLE_MODULES = YES;
				CLANG_ENABLE_OBJC_ARC = YES;
				CLANG_ENABLE_OBJC_WEAK = YES;
				CLANG_WARN_BLOCK_CAPTURE_AUTORELEASING = YES;
				CLANG_WARN_BOOL_CONVERSION = YES;
				CLANG_WARN_COMMA = YES;
				CLANG_WARN_CONSTANT_CONVERSION = YES;
				CLANG_WARN_DEPRECATED_OBJC_IMPLEMENTATIONS = YES;
				CLANG_WARN_DIRECT_OBJC_ISA_USAGE = YES_ERROR;
				CLANG_WARN_DOCUMENTATION_COMMENTS = YES;
				CLANG_WARN_EMPTY_BODY = YES;
				CLANG_WARN_ENUM_CONVERSION = YES;
				CLANG_WARN_INFINITE_RECURSION = YES;
				CLANG_WARN_INT_CONVERSION = YES;
				CLANG_WARN_NON_LITERAL_NULL_CONVERSION = YES;
				CLANG_WARN_OBJC_IMPLICIT_RETAIN_SELF = YES;
				CLANG_WARN_OBJC_LITERAL_CONVERSION = YES;
				CLANG_WARN_OBJC_ROOT_CLASS = YES_ERROR;
				CLANG_WARN_QUOTED_INCLUDE_IN_FRAMEWORK_HEADER = YES;
				CLANG_WARN_RANGE_LOOP_ANALYSIS = YES;
				CLANG_WARN_STRICT_PROTOTYPES = YES;
				CLANG_WARN_SUSPICIOUS_MOVE = YES;
				CLANG_WARN_UNGUARDED_AVAILABILITY = YES_AGGRESSIVE;
				CLANG_WARN_UNREACHABLE_CODE = YES;
				CLANG_WARN__DUPLICATE_METHOD_MATCH = YES;
				COPY_PHASE_STRIP = NO;
				DEBUG_INFORMATION_FORMAT = dwarf;
				ENABLE_STRICT_OBJC_MSGSEND = YES;
				ENABLE_TESTABILITY = YES;
				GCC_C_LANGUAGE_STANDARD = gnu11;
				GCC_DYNAMIC_NO_PIC = NO;
				GCC_NO_COMMON_BLOCKS = YES;
				GCC_OPTIMIZATION_LEVEL = 0;
				GCC_PREPROCESSOR_DEFINITIONS = (
					"DEBUG=1",
					"$(inherited)",
				);
				GCC_WARN_64_TO_32_BIT_CONVERSION = YES;
				GCC_WARN_ABOUT_RETURN_TYPE = YES_ERROR;
				GCC_WARN_UNDECLARED_SELECTOR = YES;
				GCC_WARN_UNINITIALIZED_AUTOS = YES_AGGRESSIVE;
				GCC_WARN_UNUSED_FUNCTION = YES;
				GCC_WARN_UNUSED_VARIABLE = YES;
				IPHONEOS_DEPLOYMENT_TARGET = 16.4;
				MTL_ENABLE_DEBUG_INFO = INCLUDE_SOURCE;
				MTL_FAST_MATH = YES;
				ONLY_ACTIVE_ARCH = YES;
				SDKROOT = iphoneos;
				SWIFT_ACTIVE_COMPILATION_CONDITIONS = DEBUG;
				SWIFT_OPTIMIZATION_LEVEL = "-Onone";
			};
			name = Debug;
		};
		882276A22A4A39D300E17C6F /* Release */ = {
			isa = XCBuildConfiguration;
			buildSettings = {
				ALWAYS_SEARCH_USER_PATHS = NO;
				CLANG_ANALYZER_NONNULL = YES;
				CLANG_ANALYZER_NUMBER_OBJECT_CONVERSION = YES_AGGRESSIVE;
				CLANG_CXX_LANGUAGE_STANDARD = "gnu++20";
				CLANG_ENABLE_MODULES = YES;
				CLANG_ENABLE_OBJC_ARC = YES;
				CLANG_ENABLE_OBJC_WEAK = YES;
				CLANG_WARN_BLOCK_CAPTURE_AUTORELEASING = YES;
				CLANG_WARN_BOOL_CONVERSION = YES;
				CLANG_WARN_COMMA = YES;
				CLANG_WARN_CONSTANT_CONVERSION = YES;
				CLANG_WARN_DEPRECATED_OBJC_IMPLEMENTATIONS = YES;
				CLANG_WARN_DIRECT_OBJC_ISA_USAGE = YES_ERROR;
				CLANG_WARN_DOCUMENTATION_COMMENTS = YES;
				CLANG_WARN_EMPTY_BODY = YES;
				CLANG_WARN_ENUM_CONVERSION = YES;
				CLANG_WARN_INFINITE_RECURSION = YES;
				CLANG_WARN_INT_CONVERSION = YES;
				CLANG_WARN_NON_LITERAL_NULL_CONVERSION = YES;
				CLANG_WARN_OBJC_IMPLICIT_RETAIN_SELF = YES;
				CLANG_WARN_OBJC_LITERAL_CONVERSION = YES;
				CLANG_WARN_OBJC_ROOT_CLASS = YES_ERROR;
				CLANG_WARN_QUOTED_INCLUDE_IN_FRAMEWORK_HEADER = YES;
				CLANG_WARN_RANGE_LOOP_ANALYSIS = YES;
				CLANG_WARN_STRICT_PROTOTYPES = YES;
				CLANG_WARN_SUSPICIOUS_MOVE = YES;
				CLANG_WARN_UNGUARDED_AVAILABILITY = YES_AGGRESSIVE;
				CLANG_WARN_UNREACHABLE_CODE = YES;
				CLANG_WARN__DUPLICATE_METHOD_MATCH = YES;
				COPY_PHASE_STRIP = NO;
				DEBUG_INFORMATION_FORMAT = "dwarf-with-dsym";
				ENABLE_NS_ASSERTIONS = NO;
				ENABLE_STRICT_OBJC_MSGSEND = YES;
				GCC_C_LANGUAGE_STANDARD = gnu11;
				GCC_NO_COMMON_BLOCKS = YES;
				GCC_WARN_64_TO_32_BIT_CONVERSION = YES;
				GCC_WARN_ABOUT_RETURN_TYPE = YES_ERROR;
				GCC_WARN_UNDECLARED_SELECTOR = YES;
				GCC_WARN_UNINITIALIZED_AUTOS = YES_AGGRESSIVE;
				GCC_WARN_UNUSED_FUNCTION = YES;
				GCC_WARN_UNUSED_VARIABLE = YES;
				IPHONEOS_DEPLOYMENT_TARGET = 16.4;
				MTL_ENABLE_DEBUG_INFO = NO;
				MTL_FAST_MATH = YES;
				SDKROOT = iphoneos;
				SWIFT_COMPILATION_MODE = wholemodule;
				SWIFT_OPTIMIZATION_LEVEL = "-O";
				VALIDATE_PRODUCT = YES;
			};
			name = Release;
		};
		882276A42A4A39D300E17C6F /* Debug */ = {
			isa = XCBuildConfiguration;
			buildSettings = {
				ASSETCATALOG_COMPILER_APPICON_NAME = AppIcon;
				ASSETCATALOG_COMPILER_GLOBAL_ACCENT_COLOR_NAME = AccentColor;
				CODE_SIGN_STYLE = Automatic;
				CURRENT_PROJECT_VERSION = 1;
				DEVELOPMENT_ASSET_PATHS = "\"Currency Converter/Preview Content\"";
				DEVELOPMENT_TEAM = PHYK7QK7W5;
				ENABLE_PREVIEWS = YES;
				GENERATE_INFOPLIST_FILE = YES;
				INFOPLIST_KEY_UIApplicationSceneManifest_Generation = YES;
				INFOPLIST_KEY_UIApplicationSupportsIndirectInputEvents = YES;
				INFOPLIST_KEY_UILaunchScreen_Generation = YES;
				INFOPLIST_KEY_UISupportedInterfaceOrientations_iPad = "UIInterfaceOrientationPortrait UIInterfaceOrientationPortraitUpsideDown UIInterfaceOrientationLandscapeLeft UIInterfaceOrientationLandscapeRight";
				INFOPLIST_KEY_UISupportedInterfaceOrientations_iPhone = "UIInterfaceOrientationPortrait UIInterfaceOrientationLandscapeLeft UIInterfaceOrientationLandscapeRight";
				LD_RUNPATH_SEARCH_PATHS = (
					"$(inherited)",
					"@executable_path/Frameworks",
				);
				MARKETING_VERSION = 1.0;
				PRODUCT_BUNDLE_IDENTIFIER = "com.currency.Currency-Converter";
				PRODUCT_NAME = "$(TARGET_NAME)";
				SWIFT_EMIT_LOC_STRINGS = YES;
				SWIFT_VERSION = 5.0;
				TARGETED_DEVICE_FAMILY = "1,2";
			};
			name = Debug;
		};
		882276A52A4A39D300E17C6F /* Release */ = {
			isa = XCBuildConfiguration;
			buildSettings = {
				ASSETCATALOG_COMPILER_APPICON_NAME = AppIcon;
				ASSETCATALOG_COMPILER_GLOBAL_ACCENT_COLOR_NAME = AccentColor;
				CODE_SIGN_STYLE = Automatic;
				CURRENT_PROJECT_VERSION = 1;
				DEVELOPMENT_ASSET_PATHS = "\"Currency Converter/Preview Content\"";
				DEVELOPMENT_TEAM = PHYK7QK7W5;
				ENABLE_PREVIEWS = YES;
				GENERATE_INFOPLIST_FILE = YES;
				INFOPLIST_KEY_UIApplicationSceneManifest_Generation = YES;
				INFOPLIST_KEY_UIApplicationSupportsIndirectInputEvents = YES;
				INFOPLIST_KEY_UILaunchScreen_Generation = YES;
				INFOPLIST_KEY_UISupportedInterfaceOrientations_iPad = "UIInterfaceOrientationPortrait UIInterfaceOrientationPortraitUpsideDown UIInterfaceOrientationLandscapeLeft UIInterfaceOrientationLandscapeRight";
				INFOPLIST_KEY_UISupportedInterfaceOrientations_iPhone = "UIInterfaceOrientationPortrait UIInterfaceOrientationLandscapeLeft UIInterfaceOrientationLandscapeRight";
				LD_RUNPATH_SEARCH_PATHS = (
					"$(inherited)",
					"@executable_path/Frameworks",
				);
				MARKETING_VERSION = 1.0;
				PRODUCT_BUNDLE_IDENTIFIER = "com.currency.Currency-Converter";
				PRODUCT_NAME = "$(TARGET_NAME)";
				SWIFT_EMIT_LOC_STRINGS = YES;
				SWIFT_VERSION = 5.0;
				TARGETED_DEVICE_FAMILY = "1,2";
			};
			name = Release;
		};
		882276A72A4A39D300E17C6F /* Debug */ = {
			isa = XCBuildConfiguration;
			buildSettings = {
				ALWAYS_EMBED_SWIFT_STANDARD_LIBRARIES = YES;
				BUNDLE_LOADER = "$(TEST_HOST)";
				CODE_SIGN_STYLE = Automatic;
				CURRENT_PROJECT_VERSION = 1;
				DEVELOPMENT_TEAM = PHYK7QK7W5;
				GENERATE_INFOPLIST_FILE = YES;
				IPHONEOS_DEPLOYMENT_TARGET = 16.4;
				MARKETING_VERSION = 1.0;
				PRODUCT_BUNDLE_IDENTIFIER = "com.currency.Currency-ConverterTests";
				PRODUCT_NAME = "$(TARGET_NAME)";
				SWIFT_EMIT_LOC_STRINGS = NO;
				SWIFT_VERSION = 5.0;
				TARGETED_DEVICE_FAMILY = "1,2";
				TEST_HOST = "$(BUILT_PRODUCTS_DIR)/Currency Converter.app/$(BUNDLE_EXECUTABLE_FOLDER_PATH)/Currency Converter";
			};
			name = Debug;
		};
		882276A82A4A39D300E17C6F /* Release */ = {
			isa = XCBuildConfiguration;
			buildSettings = {
				ALWAYS_EMBED_SWIFT_STANDARD_LIBRARIES = YES;
				BUNDLE_LOADER = "$(TEST_HOST)";
				CODE_SIGN_STYLE = Automatic;
				CURRENT_PROJECT_VERSION = 1;
				DEVELOPMENT_TEAM = PHYK7QK7W5;
				GENERATE_INFOPLIST_FILE = YES;
				IPHONEOS_DEPLOYMENT_TARGET = 16.4;
				MARKETING_VERSION = 1.0;
				PRODUCT_BUNDLE_IDENTIFIER = "com.currency.Currency-ConverterTests";
				PRODUCT_NAME = "$(TARGET_NAME)";
				SWIFT_EMIT_LOC_STRINGS = NO;
				SWIFT_VERSION = 5.0;
				TARGETED_DEVICE_FAMILY = "1,2";
				TEST_HOST = "$(BUILT_PRODUCTS_DIR)/Currency Converter.app/$(BUNDLE_EXECUTABLE_FOLDER_PATH)/Currency Converter";
			};
			name = Release;
		};
		882276AA2A4A39D300E17C6F /* Debug */ = {
			isa = XCBuildConfiguration;
			buildSettings = {
				ALWAYS_EMBED_SWIFT_STANDARD_LIBRARIES = YES;
				CODE_SIGN_STYLE = Automatic;
				CURRENT_PROJECT_VERSION = 1;
				DEVELOPMENT_TEAM = PHYK7QK7W5;
				GENERATE_INFOPLIST_FILE = YES;
				MARKETING_VERSION = 1.0;
				PRODUCT_BUNDLE_IDENTIFIER = "com.currency.Currency-ConverterUITests";
				PRODUCT_NAME = "$(TARGET_NAME)";
				SWIFT_EMIT_LOC_STRINGS = NO;
				SWIFT_VERSION = 5.0;
				TARGETED_DEVICE_FAMILY = "1,2";
				TEST_TARGET_NAME = "Currency Converter";
			};
			name = Debug;
		};
		882276AB2A4A39D300E17C6F /* Release */ = {
			isa = XCBuildConfiguration;
			buildSettings = {
				ALWAYS_EMBED_SWIFT_STANDARD_LIBRARIES = YES;
				CODE_SIGN_STYLE = Automatic;
				CURRENT_PROJECT_VERSION = 1;
				DEVELOPMENT_TEAM = PHYK7QK7W5;
				GENERATE_INFOPLIST_FILE = YES;
				MARKETING_VERSION = 1.0;
				PRODUCT_BUNDLE_IDENTIFIER = "com.currency.Currency-ConverterUITests";
				PRODUCT_NAME = "$(TARGET_NAME)";
				SWIFT_EMIT_LOC_STRINGS = NO;
				SWIFT_VERSION = 5.0;
				TARGETED_DEVICE_FAMILY = "1,2";
				TEST_TARGET_NAME = "Currency Converter";
			};
			name = Release;
		};
/* End XCBuildConfiguration section */

/* Begin XCConfigurationList section */
		8822767A2A4A39D100E17C6F /* Build configuration list for PBXProject "Currency Converter" */ = {
			isa = XCConfigurationList;
			buildConfigurations = (
				882276A12A4A39D300E17C6F /* Debug */,
				882276A22A4A39D300E17C6F /* Release */,
			);
			defaultConfigurationIsVisible = 0;
			defaultConfigurationName = Release;
		};
		882276A32A4A39D300E17C6F /* Build configuration list for PBXNativeTarget "Currency Converter" */ = {
			isa = XCConfigurationList;
			buildConfigurations = (
				882276A42A4A39D300E17C6F /* Debug */,
				882276A52A4A39D300E17C6F /* Release */,
			);
			defaultConfigurationIsVisible = 0;
			defaultConfigurationName = Release;
		};
		882276A62A4A39D300E17C6F /* Build configuration list for PBXNativeTarget "Currency ConverterTests" */ = {
			isa = XCConfigurationList;
			buildConfigurations = (
				882276A72A4A39D300E17C6F /* Debug */,
				882276A82A4A39D300E17C6F /* Release */,
			);
			defaultConfigurationIsVisible = 0;
			defaultConfigurationName = Release;
		};
		882276A92A4A39D300E17C6F /* Build configuration list for PBXNativeTarget "Currency ConverterUITests" */ = {
			isa = XCConfigurationList;
			buildConfigurations = (
				882276AA2A4A39D300E17C6F /* Debug */,
				882276AB2A4A39D300E17C6F /* Release */,
			);
			defaultConfigurationIsVisible = 0;
			defaultConfigurationName = Release;
		};
/* End XCConfigurationList section */
	};
	rootObject = 882276772A4A39D100E17C6F /* Project object */;
}
